
Microsoft Visual Studio Solution File, Format Version 12.00
# Visual Studio Version 17
VisualStudioVersion = 17.5.002.0
MinimumVisualStudioVersion = 10.0.40219.1
Project("{9A19103F-16F7-4668-BE54-9A1E7A4F7556}") = "Shellworks_AutoUpdater", "Shellworks_AutoUpdater.csproj", "{284B36E1-52F1-4EB3-A14C-3F8F26E7B40F}"
EndProject
Project("{2150E333-8FDC-42A3-9474-1A3956D46DE8}") = "vendor", "vendor", "{A6BA1107-762F-43BA-98FF-A8B0AFCB5752}"
EndProject
Project("{2150E333-8FDC-42A3-9474-1A3956D46DE8}") = "gmsl", "gmsl", "{6B8C4F2F-9E1E-4411-99CF-F2C1D5523ABA}"
EndProject
Project("{9A19103F-16F7-4668-BE54-9A1E7A4F7556}") = "gmsl-modapi", "vendor\gmsl\gmsl-modapi\gmsl-modapi.csproj", "{CAD004AC-7012-4FDD-AF62-D0B45FECDB32}"
EndProject
Project("{9A19103F-16F7-4668-BE54-9A1E7A4F7556}") = "gmsl-patcher", "vendor\gmsl\gmsl-patcher\gmsl-patcher.csproj", "{3580F5CD-7534-42FB-BFDA-BE73ED395648}"
EndProject
Global
	GlobalSection(SolutionConfigurationPlatforms) = preSolution
		Debug|Any CPU = Debug|Any CPU
		Release|Any CPU = Release|Any CPU
	EndGlobalSection
	GlobalSection(ProjectConfigurationPlatforms) = postSolution
		{284B36E1-52F1-4EB3-A14C-3F8F26E7B40F}.Debug|Any CPU.ActiveCfg = Debug|Any CPU
		{284B36E1-52F1-4EB3-A14C-3F8F26E7B40F}.Debug|Any CPU.Build.0 = Debug|Any CPU
		{284B36E1-52F1-4EB3-A14C-3F8F26E7B40F}.Release|Any CPU.ActiveCfg = Release|Any CPU
		{284B36E1-52F1-4EB3-A14C-3F8F26E7B40F}.Release|Any CPU.Build.0 = Release|Any CPU
		{CAD004AC-7012-4FDD-AF62-D0B45FECDB32}.Debug|Any CPU.ActiveCfg = Debug|Any CPU
		{CAD004AC-7012-4FDD-AF62-D0B45FECDB32}.Debug|Any CPU.Build.0 = Debug|Any CPU
		{CAD004AC-7012-4FDD-AF62-D0B45FECDB32}.Release|Any CPU.ActiveCfg = Release|Any CPU
		{CAD004AC-7012-4FDD-AF62-D0B45FECDB32}.Release|Any CPU.Build.0 = Release|Any CPU
		{3580F5CD-7534-42FB-BFDA-BE73ED395648}.Debug|Any CPU.ActiveCfg = Debug|Any CPU
		{3580F5CD-7534-42FB-BFDA-BE73ED395648}.Debug|Any CPU.Build.0 = Debug|Any CPU
		{3580F5CD-7534-42FB-BFDA-BE73ED395648}.Release|Any CPU.ActiveCfg = Release|Any CPU
		{3580F5CD-7534-42FB-BFDA-BE73ED395648}.Release|Any CPU.Build.0 = Release|Any CPU
	EndGlobalSection
	GlobalSection(SolutionProperties) = preSolution
		HideSolutionNode = FALSE
	EndGlobalSection
	GlobalSection(NestedProjects) = preSolution
		{6B8C4F2F-9E1E-4411-99CF-F2C1D5523ABA} = {A6BA1107-762F-43BA-98FF-A8B0AFCB5752}
		{CAD004AC-7012-4FDD-AF62-D0B45FECDB32} = {6B8C4F2F-9E1E-4411-99CF-F2C1D5523ABA}
		{3580F5CD-7534-42FB-BFDA-BE73ED395648} = {6B8C4F2F-9E1E-4411-99CF-F2C1D5523ABA}
	EndGlobalSection
	GlobalSection(ExtensibilityGlobals) = postSolution
		SolutionGuid = {D9631CA9-1A6F-4B83-AABB-34D15BFE963B}
	EndGlobalSection
EndGlobal
